
Microsoft Visual Studio Solution File, Format Version 12.00
# Visual Studio Version 17
VisualStudioVersion = 17.5.33627.172
MinimumVisualStudioVersion = 10.0.40219.1
Project("{FAE04EC0-301F-11D3-BF4B-00C04F79EFBC}") = "pong", "pong.csproj", "{6F68B7D6-2D58-4EC0-B520-635012DADAF4}"
EndProject
Global
	GlobalSection(SolutionConfigurationPlatforms) = preSolution
		Debug|Any CPU = Debug|Any CPU
		Release|Any CPU = Release|Any CPU
	EndGlobalSection
	GlobalSection(ProjectConfigurationPlatforms) = postSolution
		{6F68B7D6-2D58-4EC0-B520-635012DADAF4}.Debug|Any CPU.ActiveCfg = Debug|Any CPU
		{6F68B7D6-2D58-4EC0-B520-635012DADAF4}.Debug|Any CPU.Build.0 = Debug|Any CPU
		{6F68B7D6-2D58-4EC0-B520-635012DADAF4}.Release|Any CPU.ActiveCfg = Release|Any CPU
		{6F68B7D6-2D58-4EC0-B520-635012DADAF4}.Release|Any CPU.Build.0 = Release|Any CPU
	EndGlobalSection
	GlobalSection(SolutionProperties) = preSolution
		HideSolutionNode = FALSE
	EndGlobalSection
	GlobalSection(ExtensibilityGlobals) = postSolution
		SolutionGuid = {947CB31B-B89C-4170-BE4A-ECC4C4187C09}
	EndGlobalSection
EndGlobal
